
Microsoft Visual Studio Solution File, Format Version 12.00
# Visual Studio 15
VisualStudioVersion = 15.0.28307.271
MinimumVisualStudioVersion = 10.0.40219.1
Project("{FAE04EC0-301F-11D3-BF4B-00C04F79EFBC}") = "LowFareFlights", "LowFareFlights\LowFareFlights.csproj", "{BE2F2711-C508-4B58-B25C-90FC6BF55E48}"
EndProject
Project("{FAE04EC0-301F-11D3-BF4B-00C04F79EFBC}") = "LowFareFlights.Bll", "LowFareFlights.Bll\LowFareFlights.Bll.csproj", "{0E01EC03-6AA7-4B2F-8298-A48C702054DC}"
EndProject
Project("{FAE04EC0-301F-11D3-BF4B-00C04F79EFBC}") = "LowFareFlights.Dal", "LowFareFlights.Dal\LowFareFlights.Dal.csproj", "{3C5D1EC5-355F-44E1-AC1C-DFDFE7B0FBF3}"
EndProject
Project("{FAE04EC0-301F-11D3-BF4B-00C04F79EFBC}") = "LowFareFlights.Entity", "LowFareFlights.Entity\LowFareFlights.Entity.csproj", "{3CD2DF51-F8C4-47DE-BA28-5FAC4C917CE4}"
EndProject
Global
	GlobalSection(SolutionConfigurationPlatforms) = preSolution
		Debug|Any CPU = Debug|Any CPU
		Release|Any CPU = Release|Any CPU
	EndGlobalSection
	GlobalSection(ProjectConfigurationPlatforms) = postSolution
		{BE2F2711-C508-4B58-B25C-90FC6BF55E48}.Debug|Any CPU.ActiveCfg = Debug|Any CPU
		{BE2F2711-C508-4B58-B25C-90FC6BF55E48}.Debug|Any CPU.Build.0 = Debug|Any CPU
		{BE2F2711-C508-4B58-B25C-90FC6BF55E48}.Release|Any CPU.ActiveCfg = Release|Any CPU
		{BE2F2711-C508-4B58-B25C-90FC6BF55E48}.Release|Any CPU.Build.0 = Release|Any CPU
		{0E01EC03-6AA7-4B2F-8298-A48C702054DC}.Debug|Any CPU.ActiveCfg = Debug|Any CPU
		{0E01EC03-6AA7-4B2F-8298-A48C702054DC}.Debug|Any CPU.Build.0 = Debug|Any CPU
		{0E01EC03-6AA7-4B2F-8298-A48C702054DC}.Release|Any CPU.ActiveCfg = Release|Any CPU
		{0E01EC03-6AA7-4B2F-8298-A48C702054DC}.Release|Any CPU.Build.0 = Release|Any CPU
		{3C5D1EC5-355F-44E1-AC1C-DFDFE7B0FBF3}.Debug|Any CPU.ActiveCfg = Debug|Any CPU
		{3C5D1EC5-355F-44E1-AC1C-DFDFE7B0FBF3}.Debug|Any CPU.Build.0 = Debug|Any CPU
		{3C5D1EC5-355F-44E1-AC1C-DFDFE7B0FBF3}.Release|Any CPU.ActiveCfg = Release|Any CPU
		{3C5D1EC5-355F-44E1-AC1C-DFDFE7B0FBF3}.Release|Any CPU.Build.0 = Release|Any CPU
		{3CD2DF51-F8C4-47DE-BA28-5FAC4C917CE4}.Debug|Any CPU.ActiveCfg = Debug|Any CPU
		{3CD2DF51-F8C4-47DE-BA28-5FAC4C917CE4}.Debug|Any CPU.Build.0 = Debug|Any CPU
		{3CD2DF51-F8C4-47DE-BA28-5FAC4C917CE4}.Release|Any CPU.ActiveCfg = Release|Any CPU
		{3CD2DF51-F8C4-47DE-BA28-5FAC4C917CE4}.Release|Any CPU.Build.0 = Release|Any CPU
	EndGlobalSection
	GlobalSection(SolutionProperties) = preSolution
		HideSolutionNode = FALSE
	EndGlobalSection
	GlobalSection(ExtensibilityGlobals) = postSolution
		SolutionGuid = {840B4165-4331-49CA-8436-1CECF049A83D}
	EndGlobalSection
EndGlobal
